
Microsoft Visual Studio Solution File, Format Version 12.00
# Visual Studio Version 16
VisualStudioVersion = 16.0.31729.503
MinimumVisualStudioVersion = 10.0.40219.1
Project("{FAE04EC0-301F-11D3-BF4B-00C04F79EFBC}") = "ScenarioAccountingForms", "ScenarioAccountingForms\ScenarioAccountingForms.csproj", "{96ADFA55-0800-4043-ADDC-2A6F1BF94642}"
EndProject
Global
	GlobalSection(SolutionConfigurationPlatforms) = preSolution
		Debug|Any CPU = Debug|Any CPU
		Release|Any CPU = Release|Any CPU
	EndGlobalSection
	GlobalSection(ProjectConfigurationPlatforms) = postSolution
		{96ADFA55-0800-4043-ADDC-2A6F1BF94642}.Debug|Any CPU.ActiveCfg = Debug|Any CPU
		{96ADFA55-0800-4043-ADDC-2A6F1BF94642}.Debug|Any CPU.Build.0 = Debug|Any CPU
		{96ADFA55-0800-4043-ADDC-2A6F1BF94642}.Release|Any CPU.ActiveCfg = Release|Any CPU
		{96ADFA55-0800-4043-ADDC-2A6F1BF94642}.Release|Any CPU.Build.0 = Release|Any CPU
	EndGlobalSection
	GlobalSection(SolutionProperties) = preSolution
		HideSolutionNode = FALSE
	EndGlobalSection
	GlobalSection(ExtensibilityGlobals) = postSolution
		SolutionGuid = {EBE45DD9-5697-4C4E-9990-DE7D343642F8}
	EndGlobalSection
EndGlobal
